
Microsoft Visual Studio Solution File, Format Version 11.00
# Visual Studio 2010
Project("{FAE04EC0-301F-11D3-BF4B-00C04F79EFBC}") = "Meta2017", "Assembly-CSharp.csproj", "{544EE897-0F62-37FF-DC03-3303E7D8E5AA}"
EndProject
Project("{FAE04EC0-301F-11D3-BF4B-00C04F79EFBC}") = "Meta2017", "Assembly-CSharp-Editor.csproj", "{92BD6A85-BE94-81F1-7F54-7734D3F0E9DC}"
EndProject
Global
	GlobalSection(SolutionConfigurationPlatforms) = preSolution
		Debug|Any CPU = Debug|Any CPU
		Release|Any CPU = Release|Any CPU
	EndGlobalSection
	GlobalSection(ProjectConfigurationPlatforms) = postSolution
		{544EE897-0F62-37FF-DC03-3303E7D8E5AA}.Debug|Any CPU.ActiveCfg = Debug|Any CPU
		{544EE897-0F62-37FF-DC03-3303E7D8E5AA}.Debug|Any CPU.Build.0 = Debug|Any CPU
		{544EE897-0F62-37FF-DC03-3303E7D8E5AA}.Release|Any CPU.ActiveCfg = Release|Any CPU
		{544EE897-0F62-37FF-DC03-3303E7D8E5AA}.Release|Any CPU.Build.0 = Release|Any CPU
		{92BD6A85-BE94-81F1-7F54-7734D3F0E9DC}.Debug|Any CPU.ActiveCfg = Debug|Any CPU
		{92BD6A85-BE94-81F1-7F54-7734D3F0E9DC}.Debug|Any CPU.Build.0 = Debug|Any CPU
		{92BD6A85-BE94-81F1-7F54-7734D3F0E9DC}.Release|Any CPU.ActiveCfg = Release|Any CPU
		{92BD6A85-BE94-81F1-7F54-7734D3F0E9DC}.Release|Any CPU.Build.0 = Release|Any CPU
	EndGlobalSection
	GlobalSection(SolutionProperties) = preSolution
		HideSolutionNode = FALSE
	EndGlobalSection
	GlobalSection(MonoDevelopProperties) = preSolution
		StartupItem = Assembly-CSharp.csproj
	EndGlobalSection
EndGlobal
